
Microsoft Visual Studio Solution File, Format Version 12.00
# Visual Studio Version 16
VisualStudioVersion = 16.0.30114.105
MinimumVisualStudioVersion = 10.0.40219.1
Project("{9A19103F-16F7-4668-BE54-9A1E7A4F7556}") = "EindOpdracht", "EindOpdracht\EindOpdracht.csproj", "{13511AF4-AD97-4D9A-8D05-2D37714F21FA}"
EndProject
Project("{9A19103F-16F7-4668-BE54-9A1E7A4F7556}") = "Tool 2", "Tool 2\Tool 2.csproj", "{D1DE7744-0FE0-40E0-B5CD-7AA16650E875}"
EndProject
Project("{FAE04EC0-301F-11D3-BF4B-00C04F79EFBC}") = "Tool 3", "Tool 3\Tool 3.csproj", "{EC4A8584-6962-47FC-BC48-2B4FC95E45E3}"
EndProject
Global
	GlobalSection(SolutionConfigurationPlatforms) = preSolution
		Debug|Any CPU = Debug|Any CPU
		Release|Any CPU = Release|Any CPU
	EndGlobalSection
	GlobalSection(ProjectConfigurationPlatforms) = postSolution
		{13511AF4-AD97-4D9A-8D05-2D37714F21FA}.Debug|Any CPU.ActiveCfg = Debug|Any CPU
		{13511AF4-AD97-4D9A-8D05-2D37714F21FA}.Debug|Any CPU.Build.0 = Debug|Any CPU
		{13511AF4-AD97-4D9A-8D05-2D37714F21FA}.Release|Any CPU.ActiveCfg = Release|Any CPU
		{13511AF4-AD97-4D9A-8D05-2D37714F21FA}.Release|Any CPU.Build.0 = Release|Any CPU
		{D1DE7744-0FE0-40E0-B5CD-7AA16650E875}.Debug|Any CPU.ActiveCfg = Debug|Any CPU
		{D1DE7744-0FE0-40E0-B5CD-7AA16650E875}.Debug|Any CPU.Build.0 = Debug|Any CPU
		{D1DE7744-0FE0-40E0-B5CD-7AA16650E875}.Release|Any CPU.ActiveCfg = Release|Any CPU
		{D1DE7744-0FE0-40E0-B5CD-7AA16650E875}.Release|Any CPU.Build.0 = Release|Any CPU
		{EC4A8584-6962-47FC-BC48-2B4FC95E45E3}.Debug|Any CPU.ActiveCfg = Debug|Any CPU
		{EC4A8584-6962-47FC-BC48-2B4FC95E45E3}.Debug|Any CPU.Build.0 = Debug|Any CPU
		{EC4A8584-6962-47FC-BC48-2B4FC95E45E3}.Release|Any CPU.ActiveCfg = Release|Any CPU
		{EC4A8584-6962-47FC-BC48-2B4FC95E45E3}.Release|Any CPU.Build.0 = Release|Any CPU
	EndGlobalSection
	GlobalSection(SolutionProperties) = preSolution
		HideSolutionNode = FALSE
	EndGlobalSection
	GlobalSection(ExtensibilityGlobals) = postSolution
		SolutionGuid = {ADF97E1F-8218-495F-9307-6E29089C09E7}
	EndGlobalSection
EndGlobal
